
Microsoft Visual Studio Solution File, Format Version 12.00
# Visual Studio 15
VisualStudioVersion = 15.0.26124.0
MinimumVisualStudioVersion = 15.0.26124.0
Project("{2150E333-8FDC-42A3-9474-1A3956D46DE8}") = "src", "src", "{8B273700-B985-43F3-AE99-F8819BF8DB6B}"
EndProject
Project("{FAE04EC0-301F-11D3-BF4B-00C04F79EFBC}") = "GildedRose", "src\GildedRose\GildedRose.csproj", "{ECF28891-4916-4A49-A7D8-593643DC7841}"
EndProject
Project("{2150E333-8FDC-42A3-9474-1A3956D46DE8}") = "tests", "tests", "{A2A7AB2D-BBF8-4D31-8C85-7124E6FC515A}"
EndProject
Project("{FAE04EC0-301F-11D3-BF4B-00C04F79EFBC}") = "GildedRose.Test", "tests\GildedRose.Test\GildedRose.Test.csproj", "{7E5E1A5B-5E5C-4FD6-B983-6A332865A0FC}"
EndProject
Project("{2150E333-8FDC-42A3-9474-1A3956D46DE8}") = ".docs", ".docs", "{46470288-43C8-4994-9CD2-9FDD3F3D8D6F}"
ProjectSection(SolutionItems) = preProject
	README.md = README.md
EndProjectSection
EndProject
Project("{2150E333-8FDC-42A3-9474-1A3956D46DE8}") = ".build", ".build", "{12D94BE5-A578-4E41-9940-39309C0E5A6C}"
ProjectSection(SolutionItems) = preProject
	global.json = global.json
EndProjectSection
EndProject
Global
	GlobalSection(SolutionConfigurationPlatforms) = preSolution
		Debug|Any CPU = Debug|Any CPU
		Debug|x64 = Debug|x64
		Debug|x86 = Debug|x86
		Release|Any CPU = Release|Any CPU
		Release|x64 = Release|x64
		Release|x86 = Release|x86
	EndGlobalSection
	GlobalSection(SolutionProperties) = preSolution
		HideSolutionNode = FALSE
	EndGlobalSection
	GlobalSection(ProjectConfigurationPlatforms) = postSolution
		{ECF28891-4916-4A49-A7D8-593643DC7841}.Debug|Any CPU.ActiveCfg = Debug|Any CPU
		{ECF28891-4916-4A49-A7D8-593643DC7841}.Debug|Any CPU.Build.0 = Debug|Any CPU
		{ECF28891-4916-4A49-A7D8-593643DC7841}.Debug|x64.ActiveCfg = Debug|Any CPU
		{ECF28891-4916-4A49-A7D8-593643DC7841}.Debug|x64.Build.0 = Debug|Any CPU
		{ECF28891-4916-4A49-A7D8-593643DC7841}.Debug|x86.ActiveCfg = Debug|Any CPU
		{ECF28891-4916-4A49-A7D8-593643DC7841}.Debug|x86.Build.0 = Debug|Any CPU
		{ECF28891-4916-4A49-A7D8-593643DC7841}.Release|Any CPU.ActiveCfg = Release|Any CPU
		{ECF28891-4916-4A49-A7D8-593643DC7841}.Release|Any CPU.Build.0 = Release|Any CPU
		{ECF28891-4916-4A49-A7D8-593643DC7841}.Release|x64.ActiveCfg = Release|Any CPU
		{ECF28891-4916-4A49-A7D8-593643DC7841}.Release|x64.Build.0 = Release|Any CPU
		{ECF28891-4916-4A49-A7D8-593643DC7841}.Release|x86.ActiveCfg = Release|Any CPU
		{ECF28891-4916-4A49-A7D8-593643DC7841}.Release|x86.Build.0 = Release|Any CPU
		{7E5E1A5B-5E5C-4FD6-B983-6A332865A0FC}.Debug|Any CPU.ActiveCfg = Debug|Any CPU
		{7E5E1A5B-5E5C-4FD6-B983-6A332865A0FC}.Debug|Any CPU.Build.0 = Debug|Any CPU
		{7E5E1A5B-5E5C-4FD6-B983-6A332865A0FC}.Debug|x64.ActiveCfg = Debug|Any CPU
		{7E5E1A5B-5E5C-4FD6-B983-6A332865A0FC}.Debug|x64.Build.0 = Debug|Any CPU
		{7E5E1A5B-5E5C-4FD6-B983-6A332865A0FC}.Debug|x86.ActiveCfg = Debug|Any CPU
		{7E5E1A5B-5E5C-4FD6-B983-6A332865A0FC}.Debug|x86.Build.0 = Debug|Any CPU
		{7E5E1A5B-5E5C-4FD6-B983-6A332865A0FC}.Release|Any CPU.ActiveCfg = Release|Any CPU
		{7E5E1A5B-5E5C-4FD6-B983-6A332865A0FC}.Release|Any CPU.Build.0 = Release|Any CPU
		{7E5E1A5B-5E5C-4FD6-B983-6A332865A0FC}.Release|x64.ActiveCfg = Release|Any CPU
		{7E5E1A5B-5E5C-4FD6-B983-6A332865A0FC}.Release|x64.Build.0 = Release|Any CPU
		{7E5E1A5B-5E5C-4FD6-B983-6A332865A0FC}.Release|x86.ActiveCfg = Release|Any CPU
		{7E5E1A5B-5E5C-4FD6-B983-6A332865A0FC}.Release|x86.Build.0 = Release|Any CPU
	EndGlobalSection
	GlobalSection(NestedProjects) = preSolution
		{ECF28891-4916-4A49-A7D8-593643DC7841} = {8B273700-B985-43F3-AE99-F8819BF8DB6B}
		{7E5E1A5B-5E5C-4FD6-B983-6A332865A0FC} = {A2A7AB2D-BBF8-4D31-8C85-7124E6FC515A}
	EndGlobalSection
EndGlobal
